<Solution>
  <Folder Name="/backend/">
    <Project Path="Korp.InventoryService/Korp.InventoryService.csproj" Id="af3423a8-b14c-461f-8e91-cb8d4aa2adc7" />
    <Project Path="Korp.InvoiceService/Korp.InvoiceService.csproj" Id="b11626a1-af00-4536-b0df-473286439cf9" />
  </Folder>
  <Folder Name="/frontend/" />
</Solution>
